
Microsoft Visual Studio Solution File, Format Version 12.00
# Visual Studio Express 2012 for Web
Project("{FAE04EC0-301F-11D3-BF4B-00C04F79EFBC}") = "cde.district.validation", "cde.district.validation\cde.district.validation.csproj", "{28B242E4-F3BE-4EA2-8A88-7F2F77ABE5BC}"
EndProject
Project("{FAE04EC0-301F-11D3-BF4B-00C04F79EFBC}") = "cde-web", "cde-web\cde-web.csproj", "{5C5689C6-53C0-4FEB-8D9C-1AFEEED002D0}"
EndProject
Project("{FAE04EC0-301F-11D3-BF4B-00C04F79EFBC}") = "cde.runner", "cde.runner\cde.runner.csproj", "{3BBE3E33-B121-4D25-A07D-B778486BD830}"
EndProject
Project("{FAE04EC0-301F-11D3-BF4B-00C04F79EFBC}") = "cde.district.validation.test", "cde.district.validation.test\cde.district.validation.test.csproj", "{EBA3EE4F-B4CC-4A77-BB6A-FE8DBEDB27DF}"
EndProject
Global
	GlobalSection(SolutionConfigurationPlatforms) = preSolution
		Debug|Any CPU = Debug|Any CPU
		Release|Any CPU = Release|Any CPU
	EndGlobalSection
	GlobalSection(ProjectConfigurationPlatforms) = postSolution
		{28B242E4-F3BE-4EA2-8A88-7F2F77ABE5BC}.Debug|Any CPU.ActiveCfg = Debug|Any CPU
		{28B242E4-F3BE-4EA2-8A88-7F2F77ABE5BC}.Debug|Any CPU.Build.0 = Debug|Any CPU
		{28B242E4-F3BE-4EA2-8A88-7F2F77ABE5BC}.Release|Any CPU.ActiveCfg = Release|Any CPU
		{28B242E4-F3BE-4EA2-8A88-7F2F77ABE5BC}.Release|Any CPU.Build.0 = Release|Any CPU
		{5C5689C6-53C0-4FEB-8D9C-1AFEEED002D0}.Debug|Any CPU.ActiveCfg = Debug|Any CPU
		{5C5689C6-53C0-4FEB-8D9C-1AFEEED002D0}.Debug|Any CPU.Build.0 = Debug|Any CPU
		{5C5689C6-53C0-4FEB-8D9C-1AFEEED002D0}.Release|Any CPU.ActiveCfg = Release|Any CPU
		{5C5689C6-53C0-4FEB-8D9C-1AFEEED002D0}.Release|Any CPU.Build.0 = Release|Any CPU
		{3BBE3E33-B121-4D25-A07D-B778486BD830}.Debug|Any CPU.ActiveCfg = Debug|Any CPU
		{3BBE3E33-B121-4D25-A07D-B778486BD830}.Debug|Any CPU.Build.0 = Debug|Any CPU
		{3BBE3E33-B121-4D25-A07D-B778486BD830}.Release|Any CPU.ActiveCfg = Release|Any CPU
		{3BBE3E33-B121-4D25-A07D-B778486BD830}.Release|Any CPU.Build.0 = Release|Any CPU
		{EBA3EE4F-B4CC-4A77-BB6A-FE8DBEDB27DF}.Debug|Any CPU.ActiveCfg = Debug|Any CPU
		{EBA3EE4F-B4CC-4A77-BB6A-FE8DBEDB27DF}.Debug|Any CPU.Build.0 = Debug|Any CPU
		{EBA3EE4F-B4CC-4A77-BB6A-FE8DBEDB27DF}.Release|Any CPU.ActiveCfg = Release|Any CPU
		{EBA3EE4F-B4CC-4A77-BB6A-FE8DBEDB27DF}.Release|Any CPU.Build.0 = Release|Any CPU
	EndGlobalSection
	GlobalSection(SolutionProperties) = preSolution
		HideSolutionNode = FALSE
	EndGlobalSection
EndGlobal
