
Microsoft Visual Studio Solution File, Format Version 12.00
# Visual Studio 2012
Project("{FAE04EC0-301F-11D3-BF4B-00C04F79EFBC}") = "cde.utils", "cde.utils\cde.utils.csproj", "{69586B95-DDD8-46D2-B8E9-7FB2BE61A079}"
EndProject
Project("{FAE04EC0-301F-11D3-BF4B-00C04F79EFBC}") = "cde.directory.diff", "cde.directory.diff\cde.directory.diff.csproj", "{CA8DB0E4-FB7E-421D-A15F-793FE93268AD}"
EndProject
Project("{FAE04EC0-301F-11D3-BF4B-00C04F79EFBC}") = "cde.district.validation", "cde.district.validation\cde.district.validation.csproj", "{28B242E4-F3BE-4EA2-8A88-7F2F77ABE5BC}"
EndProject
Project("{FAE04EC0-301F-11D3-BF4B-00C04F79EFBC}") = "cde.export", "cde.export\cde.export.csproj", "{8CEDF645-BD1B-485D-BA06-935C039863B9}"
EndProject
Global
	GlobalSection(SolutionConfigurationPlatforms) = preSolution
		Debug|Any CPU = Debug|Any CPU
		Release|Any CPU = Release|Any CPU
	EndGlobalSection
	GlobalSection(ProjectConfigurationPlatforms) = postSolution
		{69586B95-DDD8-46D2-B8E9-7FB2BE61A079}.Debug|Any CPU.ActiveCfg = Debug|Any CPU
		{69586B95-DDD8-46D2-B8E9-7FB2BE61A079}.Debug|Any CPU.Build.0 = Debug|Any CPU
		{69586B95-DDD8-46D2-B8E9-7FB2BE61A079}.Release|Any CPU.ActiveCfg = Release|Any CPU
		{69586B95-DDD8-46D2-B8E9-7FB2BE61A079}.Release|Any CPU.Build.0 = Release|Any CPU
		{CA8DB0E4-FB7E-421D-A15F-793FE93268AD}.Debug|Any CPU.ActiveCfg = Debug|Any CPU
		{CA8DB0E4-FB7E-421D-A15F-793FE93268AD}.Debug|Any CPU.Build.0 = Debug|Any CPU
		{CA8DB0E4-FB7E-421D-A15F-793FE93268AD}.Release|Any CPU.ActiveCfg = Release|Any CPU
		{CA8DB0E4-FB7E-421D-A15F-793FE93268AD}.Release|Any CPU.Build.0 = Release|Any CPU
		{28B242E4-F3BE-4EA2-8A88-7F2F77ABE5BC}.Debug|Any CPU.ActiveCfg = Debug|Any CPU
		{28B242E4-F3BE-4EA2-8A88-7F2F77ABE5BC}.Debug|Any CPU.Build.0 = Debug|Any CPU
		{28B242E4-F3BE-4EA2-8A88-7F2F77ABE5BC}.Release|Any CPU.ActiveCfg = Release|Any CPU
		{28B242E4-F3BE-4EA2-8A88-7F2F77ABE5BC}.Release|Any CPU.Build.0 = Release|Any CPU
		{8CEDF645-BD1B-485D-BA06-935C039863B9}.Debug|Any CPU.ActiveCfg = Debug|Any CPU
		{8CEDF645-BD1B-485D-BA06-935C039863B9}.Debug|Any CPU.Build.0 = Debug|Any CPU
		{8CEDF645-BD1B-485D-BA06-935C039863B9}.Release|Any CPU.ActiveCfg = Release|Any CPU
		{8CEDF645-BD1B-485D-BA06-935C039863B9}.Release|Any CPU.Build.0 = Release|Any CPU
	EndGlobalSection
	GlobalSection(SolutionProperties) = preSolution
		HideSolutionNode = FALSE
	EndGlobalSection
EndGlobal
